Microsoft Visual Studio Solution File, Format Version 11.00
# Visual Studio 2008

Project("{852B15AD-E29B-079C-BDFB-B38405FDC3E7}") = "AO5", "Assembly-CSharp.csproj", "{891E6243-2F24-7050-8672-282B48094A12}"
EndProject
Project("{852B15AD-E29B-079C-BDFB-B38405FDC3E7}") = "AO5", "Assembly-CSharp-Editor.csproj", "{AEDEC07E-2686-92BD-F8AC-2397955F1A90}"
EndProject
Global
	GlobalSection(SolutionConfigurationPlatforms) = preSolution
		Debug|Any CPU = Debug|Any CPU
		Release|Any CPU = Release|Any CPU
	EndGlobalSection
	GlobalSection(ProjectConfigurationPlatforms) = postSolution
		{891E6243-2F24-7050-8672-282B48094A12}.Debug|Any CPU.ActiveCfg = Debug|Any CPU
		{891E6243-2F24-7050-8672-282B48094A12}.Debug|Any CPU.Build.0 = Debug|Any CPU
		{891E6243-2F24-7050-8672-282B48094A12}.Release|Any CPU.ActiveCfg = Release|Any CPU
		{891E6243-2F24-7050-8672-282B48094A12}.Release|Any CPU.Build.0 = Release|Any CPU
		{AEDEC07E-2686-92BD-F8AC-2397955F1A90}.Debug|Any CPU.ActiveCfg = Debug|Any CPU
		{AEDEC07E-2686-92BD-F8AC-2397955F1A90}.Debug|Any CPU.Build.0 = Debug|Any CPU
		{AEDEC07E-2686-92BD-F8AC-2397955F1A90}.Release|Any CPU.ActiveCfg = Release|Any CPU
		{AEDEC07E-2686-92BD-F8AC-2397955F1A90}.Release|Any CPU.Build.0 = Release|Any CPU
	EndGlobalSection
	GlobalSection(SolutionProperties) = preSolution
		HideSolutionNode = FALSE
	EndGlobalSection
	GlobalSection(MonoDevelopProperties) = preSolution
		StartupItem = Assembly-CSharp.csproj
	EndGlobalSection
EndGlobal
